
Microsoft Visual Studio Solution File, Format Version 12.00
# Visual Studio Version 17
VisualStudioVersion = 17.4.33213.308
MinimumVisualStudioVersion = 10.0.40219.1
Project("{FAE04EC0-301F-11D3-BF4B-00C04F79EFBC}") = "DLLoad", "DLLoad\DLLoad.csproj", "{9647D135-DF48-4A60-AB4D-6E0E11CF6558}"
EndProject
Global
	GlobalSection(SolutionConfigurationPlatforms) = preSolution
		Debug|Any CPU = Debug|Any CPU
		Release|Any CPU = Release|Any CPU
	EndGlobalSection
	GlobalSection(ProjectConfigurationPlatforms) = postSolution
		{9647D135-DF48-4A60-AB4D-6E0E11CF6558}.Debug|Any CPU.ActiveCfg = Debug|Any CPU
		{9647D135-DF48-4A60-AB4D-6E0E11CF6558}.Debug|Any CPU.Build.0 = Debug|Any CPU
		{9647D135-DF48-4A60-AB4D-6E0E11CF6558}.Release|Any CPU.ActiveCfg = Release|Any CPU
		{9647D135-DF48-4A60-AB4D-6E0E11CF6558}.Release|Any CPU.Build.0 = Release|Any CPU
	EndGlobalSection
	GlobalSection(SolutionProperties) = preSolution
		HideSolutionNode = FALSE
	EndGlobalSection
	GlobalSection(ExtensibilityGlobals) = postSolution
		SolutionGuid = {12FAA123-CDD4-4851-816D-A02AB5EE72BF}
	EndGlobalSection
EndGlobal
